// !$*UTF8*$!
{
	archiveVersion = 1;
	classes = {
	};
	objectVersion = 55;
	objects = {

/* Begin PBXBuildFile section */
		5B0897F12834C300004F7EF0 /* ViewAnimation.swift in Sources */ = {isa = PBXBuildFile; fileRef = 5B0897F02834C300004F7EF0 /* ViewAnimation.swift */; };
		5B1216F02836A264003CC208 /* DetailWeatherViewController.swift in Sources */ = {isa = PBXBuildFile; fileRef = 5B1216EF2836A264003CC208 /* DetailWeatherViewController.swift */; };
		5BA7C97C2832ACCC0045073F /* AppDelegate.swift in Sources */ = {isa = PBXBuildFile; fileRef = 5BA7C97B2832ACCC0045073F /* AppDelegate.swift */; };
		5BA7C97E2832ACCC0045073F /* SceneDelegate.swift in Sources */ = {isa = PBXBuildFile; fileRef = 5BA7C97D2832ACCC0045073F /* SceneDelegate.swift */; };
		5BA7C9802832ACCC0045073F /* ViewController.swift in Sources */ = {isa = PBXBuildFile; fileRef = 5BA7C97F2832ACCC0045073F /* ViewController.swift */; };
		5BA7C9852832ACCD0045073F /* Assets.xcassets in Resources */ = {isa = PBXBuildFile; fileRef = 5BA7C9842832ACCD0045073F /* Assets.xcassets */; };
		5BA7C9882832ACCD0045073F /* LaunchScreen.storyboard in Resources */ = {isa = PBXBuildFile; fileRef = 5BA7C9862832ACCD0045073F /* LaunchScreen.storyboard */; };
		5BA7C9902832B10A0045073F /* CustomTableViewCell.swift in Sources */ = {isa = PBXBuildFile; fileRef = 5BA7C98F2832B10A0045073F /* CustomTableViewCell.swift */; };
		5BA7C9942832B1D40045073F /* WeatherModel.swift in Sources */ = {isa = PBXBuildFile; fileRef = 5BA7C9932832B1D40045073F /* WeatherModel.swift */; };
		5BA7C9962832CF760045073F /* Cities.swift in Sources */ = {isa = PBXBuildFile; fileRef = 5BA7C9952832CF760045073F /* Cities.swift */; };
		5BE1A68A2833D4FF0098FADB /* WeatherManager.swift in Sources */ = {isa = PBXBuildFile; fileRef = 5BE1A6892833D4FF0098FADB /* WeatherManager.swift */; };
		5BE1A68C2833D7EC0098FADB /* WeatherData.swift in Sources */ = {isa = PBXBuildFile; fileRef = 5BE1A68B2833D7EC0098FADB /* WeatherData.swift */; };
/* End PBXBuildFile section */

/* Begin PBXFileReference section */
		5B0897F02834C300004F7EF0 /* ViewAnimation.swift */ = {isa = PBXFileReference; lastKnownFileType = sourcecode.swift; path = ViewAnimation.swift; sourceTree = "<group>"; };
		5B1216EF2836A264003CC208 /* DetailWeatherViewController.swift */ = {isa = PBXFileReference; lastKnownFileType = sourcecode.swift; path = DetailWeatherViewController.swift; sourceTree = "<group>"; };
		5BA7C9782832ACCC0045073F /* testWeather.app */ = {isa = PBXFileReference; explicitFileType = wrapper.application; includeInIndex = 0; path = testWeather.app; sourceTree = BUILT_PRODUCTS_DIR; };
		5BA7C97B2832ACCC0045073F /* AppDelegate.swift */ = {isa = PBXFileReference; lastKnownFileType = sourcecode.swift; path = AppDelegate.swift; sourceTree = "<group>"; };
		5BA7C97D2832ACCC0045073F /* SceneDelegate.swift */ = {isa = PBXFileReference; lastKnownFileType = sourcecode.swift; path = SceneDelegate.swift; sourceTree = "<group>"; };
		5BA7C97F2832ACCC0045073F /* ViewController.swift */ = {isa = PBXFileReference; lastKnownFileType = sourcecode.swift; path = ViewController.swift; sourceTree = "<group>"; };
		5BA7C9842832ACCD0045073F /* Assets.xcassets */ = {isa = PBXFileReference; lastKnownFileType = folder.assetcatalog; path = Assets.xcassets; sourceTree = "<group>"; };
		5BA7C9872832ACCD0045073F /* Base */ = {isa = PBXFileReference; lastKnownFileType = file.storyboard; name = Base; path = Base.lproj/LaunchScreen.storyboard; sourceTree = "<group>"; };
		5BA7C9892832ACCD0045073F /* Info.plist */ = {isa = PBXFileReference; lastKnownFileType = text.plist.xml; path = Info.plist; sourceTree = "<group>"; };
		5BA7C98F2832B10A0045073F /* CustomTableViewCell.swift */ = {isa = PBXFileReference; lastKnownFileType = sourcecode.swift; path = CustomTableViewCell.swift; sourceTree = "<group>"; };
		5BA7C9932832B1D40045073F /* WeatherModel.swift */ = {isa = PBXFileReference; lastKnownFileType = sourcecode.swift; path = WeatherModel.swift; sourceTree = "<group>"; };
		5BA7C9952832CF760045073F /* Cities.swift */ = {isa = PBXFileReference; lastKnownFileType = sourcecode.swift; path = Cities.swift; sourceTree = "<group>"; };
		5BE1A6892833D4FF0098FADB /* WeatherManager.swift */ = {isa = PBXFileReference; lastKnownFileType = sourcecode.swift; path = WeatherManager.swift; sourceTree = "<group>"; };
		5BE1A68B2833D7EC0098FADB /* WeatherData.swift */ = {isa = PBXFileReference; lastKnownFileType = sourcecode.swift; path = WeatherData.swift; sourceTree = "<group>"; };
/* End PBXFileReference section */

/* Begin PBXFrameworksBuildPhase section */
		5BA7C9752832ACCC0045073F /* Frameworks */ = {
			isa = PBXFrameworksBuildPhase;
			buildActionMask = 2147483647;
			files = (
			);
			runOnlyForDeploymentPostprocessing = 0;
		};
/* End PBXFrameworksBuildPhase section */

/* Begin PBXGroup section */
		5B1216F12836A26B003CC208 /* View Controller */ = {
			isa = PBXGroup;
			children = (
				5BA7C97F2832ACCC0045073F /* ViewController.swift */,
				5B1216EF2836A264003CC208 /* DetailWeatherViewController.swift */,
			);
			path = "View Controller";
			sourceTree = "<group>";
		};
		5B1216F22836A28A003CC208 /* View */ = {
			isa = PBXGroup;
			children = (
				5BA7C98F2832B10A0045073F /* CustomTableViewCell.swift */,
				5B0897F02834C300004F7EF0 /* ViewAnimation.swift */,
			);
			path = View;
			sourceTree = "<group>";
		};
		5B1216F32836A293003CC208 /* Model */ = {
			isa = PBXGroup;
			children = (
				5BE1A6892833D4FF0098FADB /* WeatherManager.swift */,
				5BA7C9932832B1D40045073F /* WeatherModel.swift */,
				5BE1A68B2833D7EC0098FADB /* WeatherData.swift */,
				5BA7C9952832CF760045073F /* Cities.swift */,
			);
			path = Model;
			sourceTree = "<group>";
		};
		5BA7C96F2832ACCC0045073F = {
			isa = PBXGroup;
			children = (
				5BA7C97A2832ACCC0045073F /* testWeather */,
				5BA7C9792832ACCC0045073F /* Products */,
			);
			sourceTree = "<group>";
		};
		5BA7C9792832ACCC0045073F /* Products */ = {
			isa = PBXGroup;
			children = (
				5BA7C9782832ACCC0045073F /* testWeather.app */,
			);
			name = Products;
			sourceTree = "<group>";
		};
		5BA7C97A2832ACCC0045073F /* testWeather */ = {
			isa = PBXGroup;
			children = (
				5BA7C97B2832ACCC0045073F /* AppDelegate.swift */,
				5BA7C97D2832ACCC0045073F /* SceneDelegate.swift */,
				5B1216F12836A26B003CC208 /* View Controller */,
				5B1216F22836A28A003CC208 /* View */,
				5B1216F32836A293003CC208 /* Model */,
				5BA7C9842832ACCD0045073F /* Assets.xcassets */,
				5BA7C9862832ACCD0045073F /* LaunchScreen.storyboard */,
				5BA7C9892832ACCD0045073F /* Info.plist */,
			);
			path = testWeather;
			sourceTree = "<group>";
		};
/* End PBXGroup section */

/* Begin PBXNativeTarget section */
		5BA7C9772832ACCC0045073F /* testWeather */ = {
			isa = PBXNativeTarget;
			buildConfigurationList = 5BA7C98C2832ACCD0045073F /* Build configuration list for PBXNativeTarget "testWeather" */;
			buildPhases = (
				5BA7C9742832ACCC0045073F /* Sources */,
				5BA7C9752832ACCC0045073F /* Frameworks */,
				5BA7C9762832ACCC0045073F /* Resources */,
			);
			buildRules = (
			);
			dependencies = (
			);
			name = testWeather;
			productName = testWeather;
			productReference = 5BA7C9782832ACCC0045073F /* testWeather.app */;
			productType = "com.apple.product-type.application";
		};
/* End PBXNativeTarget section */

/* Begin PBXProject section */
		5BA7C9702832ACCC0045073F /* Project object */ = {
			isa = PBXProject;
			attributes = {
				BuildIndependentTargetsInParallel = 1;
				LastSwiftUpdateCheck = 1330;
				LastUpgradeCheck = 1330;
				TargetAttributes = {
					5BA7C9772832ACCC0045073F = {
						CreatedOnToolsVersion = 13.3.1;
					};
				};
			};
			buildConfigurationList = 5BA7C9732832ACCC0045073F /* Build configuration list for PBXProject "testWeather" */;
			compatibilityVersion = "Xcode 13.0";
			developmentRegion = en;
			hasScannedForEncodings = 0;
			knownRegions = (
				en,
				Base,
			);
			mainGroup = 5BA7C96F2832ACCC0045073F;
			productRefGroup = 5BA7C9792832ACCC0045073F /* Products */;
			projectDirPath = "";
			projectRoot = "";
			targets = (
				5BA7C9772832ACCC0045073F /* testWeather */,
			);
		};
/* End PBXProject section */

/* Begin PBXResourcesBuildPhase section */
		5BA7C9762832ACCC0045073F /* Resources */ = {
			isa = PBXResourcesBuildPhase;
			buildActionMask = 2147483647;
			files = (
				5BA7C9882832ACCD0045073F /* LaunchScreen.storyboard in Resources */,
				5BA7C9852832ACCD0045073F /* Assets.xcassets in Resources */,
			);
			runOnlyForDeploymentPostprocessing = 0;
		};
/* End PBXResourcesBuildPhase section */

/* Begin PBXSourcesBuildPhase section */
		5BA7C9742832ACCC0045073F /* Sources */ = {
			isa = PBXSourcesBuildPhase;
			buildActionMask = 2147483647;
			files = (
				5BA7C9802832ACCC0045073F /* ViewController.swift in Sources */,
				5BA7C97C2832ACCC0045073F /* AppDelegate.swift in Sources */,
				5BA7C9902832B10A0045073F /* CustomTableViewCell.swift in Sources */,
				5BE1A68A2833D4FF0098FADB /* WeatherManager.swift in Sources */,
				5BA7C97E2832ACCC0045073F /* SceneDelegate.swift in Sources */,
				5B1216F02836A264003CC208 /* DetailWeatherViewController.swift in Sources */,
				5B0897F12834C300004F7EF0 /* ViewAnimation.swift in Sources */,
				5BA7C9962832CF760045073F /* Cities.swift in Sources */,
				5BE1A68C2833D7EC0098FADB /* WeatherData.swift in Sources */,
				5BA7C9942832B1D40045073F /* WeatherModel.swift in Sources */,
			);
			runOnlyForDeploymentPostprocessing = 0;
		};
/* End PBXSourcesBuildPhase section */

/* Begin PBXVariantGroup section */
		5BA7C9862832ACCD0045073F /* LaunchScreen.storyboard */ = {
			isa = PBXVariantGroup;
			children = (
				5BA7C9872832ACCD0045073F /* Base */,
			);
			name = LaunchScreen.storyboard;
			sourceTree = "<group>";
		};
/* End PBXVariantGroup section */

/* Begin XCBuildConfiguration section */
		5BA7C98A2832ACCD0045073F /* Debug */ = {
			isa = XCBuildConfiguration;
			buildSettings = {
				ALWAYS_SEARCH_USER_PATHS = NO;
				CLANG_ANALYZER_NONNULL = YES;
				CLANG_ANALYZER_NUMBER_OBJECT_CONVERSION = YES_AGGRESSIVE;
				CLANG_CXX_LANGUAGE_STANDARD = "gnu++17";
				CLANG_ENABLE_MODULES = YES;
				CLANG_ENABLE_OBJC_ARC = YES;
				CLANG_ENABLE_OBJC_WEAK = YES;
				CLANG_WARN_BLOCK_CAPTURE_AUTORELEASING = YES;
				CLANG_WARN_BOOL_CONVERSION = YES;
				CLANG_WARN_COMMA = YES;
				CLANG_WARN_CONSTANT_CONVERSION = YES;
				CLANG_WARN_DEPRECATED_OBJC_IMPLEMENTATIONS = YES;
				CLANG_WARN_DIRECT_OBJC_ISA_USAGE = YES_ERROR;
				CLANG_WARN_DOCUMENTATION_COMMENTS = YES;
				CLANG_WARN_EMPTY_BODY = YES;
				CLANG_WARN_ENUM_CONVERSION = YES;
				CLANG_WARN_INFINITE_RECURSION = YES;
				CLANG_WARN_INT_CONVERSION = YES;
				CLANG_WARN_NON_LITERAL_NULL_CONVERSION = YES;
				CLANG_WARN_OBJC_IMPLICIT_RETAIN_SELF = YES;
				CLANG_WARN_OBJC_LITERAL_CONVERSION = YES;
				CLANG_WARN_OBJC_ROOT_CLASS = YES_ERROR;
				CLANG_WARN_QUOTED_INCLUDE_IN_FRAMEWORK_HEADER = YES;
				CLANG_WARN_RANGE_LOOP_ANALYSIS = YES;
				CLANG_WARN_STRICT_PROTOTYPES = YES;
				CLANG_WARN_SUSPICIOUS_MOVE = YES;
				CLANG_WARN_UNGUARDED_AVAILABILITY = YES_AGGRESSIVE;
				CLANG_WARN_UNREACHABLE_CODE = YES;
				CLANG_WARN__DUPLICATE_METHOD_MATCH = YES;
				COPY_PHASE_STRIP = NO;
				DEBUG_INFORMATION_FORMAT = dwarf;
				ENABLE_STRICT_OBJC_MSGSEND = YES;
				ENABLE_TESTABILITY = YES;
				GCC_C_LANGUAGE_STANDARD = gnu11;
				GCC_DYNAMIC_NO_PIC = NO;
				GCC_NO_COMMON_BLOCKS = YES;
				GCC_OPTIMIZATION_LEVEL = 0;
				GCC_PREPROCESSOR_DEFINITIONS = (
					"DEBUG=1",
					"$(inherited)",
				);
				GCC_WARN_64_TO_32_BIT_CONVERSION = YES;
				GCC_WARN_ABOUT_RETURN_TYPE = YES_ERROR;
				GCC_WARN_UNDECLARED_SELECTOR = YES;
				GCC_WARN_UNINITIALIZED_AUTOS = YES_AGGRESSIVE;
				GCC_WARN_UNUSED_FUNCTION = YES;
				GCC_WARN_UNUSED_VARIABLE = YES;
				IPHONEOS_DEPLOYMENT_TARGET = 15.4;
				MTL_ENABLE_DEBUG_INFO = INCLUDE_SOURCE;
				MTL_FAST_MATH = YES;
				ONLY_ACTIVE_ARCH = YES;
				SDKROOT = iphoneos;
				SWIFT_ACTIVE_COMPILATION_CONDITIONS = DEBUG;
				SWIFT_OPTIMIZATION_LEVEL = "-Onone";
			};
			name = Debug;
		};
		5BA7C98B2832ACCD0045073F /* Release */ = {
			isa = XCBuildConfiguration;
			buildSettings = {
				ALWAYS_SEARCH_USER_PATHS = NO;
				CLANG_ANALYZER_NONNULL = YES;
				CLANG_ANALYZER_NUMBER_OBJECT_CONVERSION = YES_AGGRESSIVE;
				CLANG_CXX_LANGUAGE_STANDARD = "gnu++17";
				CLANG_ENABLE_MODULES = YES;
				CLANG_ENABLE_OBJC_ARC = YES;
				CLANG_ENABLE_OBJC_WEAK = YES;
				CLANG_WARN_BLOCK_CAPTURE_AUTORELEASING = YES;
				CLANG_WARN_BOOL_CONVERSION = YES;
				CLANG_WARN_COMMA = YES;
				CLANG_WARN_CONSTANT_CONVERSION = YES;
				CLANG_WARN_DEPRECATED_OBJC_IMPLEMENTATIONS = YES;
				CLANG_WARN_DIRECT_OBJC_ISA_USAGE = YES_ERROR;
				CLANG_WARN_DOCUMENTATION_COMMENTS = YES;
				CLANG_WARN_EMPTY_BODY = YES;
				CLANG_WARN_ENUM_CONVERSION = YES;
				CLANG_WARN_INFINITE_RECURSION = YES;
				CLANG_WARN_INT_CONVERSION = YES;
				CLANG_WARN_NON_LITERAL_NULL_CONVERSION = YES;
				CLANG_WARN_OBJC_IMPLICIT_RETAIN_SELF = YES;
				CLANG_WARN_OBJC_LITERAL_CONVERSION = YES;
				CLANG_WARN_OBJC_ROOT_CLASS = YES_ERROR;
				CLANG_WARN_QUOTED_INCLUDE_IN_FRAMEWORK_HEADER = YES;
				CLANG_WARN_RANGE_LOOP_ANALYSIS = YES;
				CLANG_WARN_STRICT_PROTOTYPES = YES;
				CLANG_WARN_SUSPICIOUS_MOVE = YES;
				CLANG_WARN_UNGUARDED_AVAILABILITY = YES_AGGRESSIVE;
				CLANG_WARN_UNREACHABLE_CODE = YES;
				CLANG_WARN__DUPLICATE_METHOD_MATCH = YES;
				COPY_PHASE_STRIP = NO;
				DEBUG_INFORMATION_FORMAT = "dwarf-with-dsym";
				ENABLE_NS_ASSERTIONS = NO;
				ENABLE_STRICT_OBJC_MSGSEND = YES;
				GCC_C_LANGUAGE_STANDARD = gnu11;
				GCC_NO_COMMON_BLOCKS = YES;
				GCC_WARN_64_TO_32_BIT_CONVERSION = YES;
				GCC_WARN_ABOUT_RETURN_TYPE = YES_ERROR;
				GCC_WARN_UNDECLARED_SELECTOR = YES;
				GCC_WARN_UNINITIALIZED_AUTOS = YES_AGGRESSIVE;
				GCC_WARN_UNUSED_FUNCTION = YES;
				GCC_WARN_UNUSED_VARIABLE = YES;
				IPHONEOS_DEPLOYMENT_TARGET = 15.4;
				MTL_ENABLE_DEBUG_INFO = NO;
				MTL_FAST_MATH = YES;
				SDKROOT = iphoneos;
				SWIFT_COMPILATION_MODE = wholemodule;
				SWIFT_OPTIMIZATION_LEVEL = "-O";
				VALIDATE_PRODUCT = YES;
			};
			name = Release;
		};
		5BA7C98D2832ACCD0045073F /* Debug */ = {
			isa = XCBuildConfiguration;
			buildSettings = {
				ASSETCATALOG_COMPILER_APPICON_NAME = AppIcon;
				ASSETCATALOG_COMPILER_GLOBAL_ACCENT_COLOR_NAME = AccentColor;
				CODE_SIGN_STYLE = Automatic;
				CURRENT_PROJECT_VERSION = 1;
				DEVELOPMENT_TEAM = KL9Y7R8H95;
				GENERATE_INFOPLIST_FILE = YES;
				INFOPLIST_FILE = testWeather/Info.plist;
				INFOPLIST_KEY_UIApplicationSupportsIndirectInputEvents = YES;
				INFOPLIST_KEY_UILaunchStoryboardName = LaunchScreen;
				INFOPLIST_KEY_UISupportedInterfaceOrientations_iPad = "UIInterfaceOrientationPortrait UIInterfaceOrientationPortraitUpsideDown UIInterfaceOrientationLandscapeLeft UIInterfaceOrientationLandscapeRight";
				INFOPLIST_KEY_UISupportedInterfaceOrientations_iPhone = "UIInterfaceOrientationPortrait UIInterfaceOrientationLandscapeLeft UIInterfaceOrientationLandscapeRight";
				LD_RUNPATH_SEARCH_PATHS = (
					"$(inherited)",
					"@executable_path/Frameworks",
				);
				MARKETING_VERSION = 1.0;
				PRODUCT_BUNDLE_IDENTIFIER = Pusmall.testWeather;
				PRODUCT_NAME = "$(TARGET_NAME)";
				SWIFT_EMIT_LOC_STRINGS = YES;
				SWIFT_VERSION = 5.0;
				TARGETED_DEVICE_FAMILY = "1,2";
			};
			name = Debug;
		};
		5BA7C98E2832ACCD0045073F /* Release */ = {
			isa = XCBuildConfiguration;
			buildSettings = {
				ASSETCATALOG_COMPILER_APPICON_NAME = AppIcon;
				ASSETCATALOG_COMPILER_GLOBAL_ACCENT_COLOR_NAME = AccentColor;
				CODE_SIGN_STYLE = Automatic;
				CURRENT_PROJECT_VERSION = 1;
				DEVELOPMENT_TEAM = KL9Y7R8H95;
				GENERATE_INFOPLIST_FILE = YES;
				INFOPLIST_FILE = testWeather/Info.plist;
				INFOPLIST_KEY_UIApplicationSupportsIndirectInputEvents = YES;
				INFOPLIST_KEY_UILaunchStoryboardName = LaunchScreen;
				INFOPLIST_KEY_UISupportedInterfaceOrientations_iPad = "UIInterfaceOrientationPortrait UIInterfaceOrientationPortraitUpsideDown UIInterfaceOrientationLandscapeLeft UIInterfaceOrientationLandscapeRight";
				INFOPLIST_KEY_UISupportedInterfaceOrientations_iPhone = "UIInterfaceOrientationPortrait UIInterfaceOrientationLandscapeLeft UIInterfaceOrientationLandscapeRight";
				LD_RUNPATH_SEARCH_PATHS = (
					"$(inherited)",
					"@executable_path/Frameworks",
				);
				MARKETING_VERSION = 1.0;
				PRODUCT_BUNDLE_IDENTIFIER = Pusmall.testWeather;
				PRODUCT_NAME = "$(TARGET_NAME)";
				SWIFT_EMIT_LOC_STRINGS = YES;
				SWIFT_VERSION = 5.0;
				TARGETED_DEVICE_FAMILY = "1,2";
			};
			name = Release;
		};
/* End XCBuildConfiguration section */

/* Begin XCConfigurationList section */
		5BA7C9732832ACCC0045073F /* Build configuration list for PBXProject "testWeather" */ = {
			isa = XCConfigurationList;
			buildConfigurations = (
				5BA7C98A2832ACCD0045073F /* Debug */,
				5BA7C98B2832ACCD0045073F /* Release */,
			);
			defaultConfigurationIsVisible = 0;
			defaultConfigurationName = Release;
		};
		5BA7C98C2832ACCD0045073F /* Build configuration list for PBXNativeTarget "testWeather" */ = {
			isa = XCConfigurationList;
			buildConfigurations = (
				5BA7C98D2832ACCD0045073F /* Debug */,
				5BA7C98E2832ACCD0045073F /* Release */,
			);
			defaultConfigurationIsVisible = 0;
			defaultConfigurationName = Release;
		};
/* End XCConfigurationList section */
	};
	rootObject = 5BA7C9702832ACCC0045073F /* Project object */;
}
